// !$*UTF8*$!
{
	archiveVersion = 1;
	classes = {
	};
	objectVersion = 46;
	objects = {

/* Begin PBXBuildFile section */
		2C7AC71F1B89FAC50049FDF7 /* Launch Screen.xib in Resources */ = {isa = PBXBuildFile; fileRef = 2C7AC71E1B89FAC50049FDF7 /* Launch Screen.xib */; };
		2CBB46BF1A637163003C0131 /* AppDelegate.swift in Sources */ = {isa = PBXBuildFile; fileRef = 2CBB46BE1A637163003C0131 /* AppDelegate.swift */; };
		2CBB46C11A637163003C0131 /* ViewController.swift in Sources */ = {isa = PBXBuildFile; fileRef = 2CBB46C01A637163003C0131 /* ViewController.swift */; };
		2CBB46C41A637163003C0131 /* Main.storyboard in Resources */ = {isa = PBXBuildFile; fileRef = 2CBB46C21A637163003C0131 /* Main.storyboard */; };
		2CBB46C61A637163003C0131 /* Images.xcassets in Resources */ = {isa = PBXBuildFile; fileRef = 2CBB46C51A637163003C0131 /* Images.xcassets */; };
		2CBB46D51A637164003C0131 /* tipsTests.swift in Sources */ = {isa = PBXBuildFile; fileRef = 2CBB46D41A637164003C0131 /* tipsTests.swift */; };
/* End PBXBuildFile section */

/* Begin PBXContainerItemProxy section */
		2CBB46CF1A637164003C0131 /* PBXContainerItemProxy */ = {
			isa = PBXContainerItemProxy;
			containerPortal = 2CBB46B11A637163003C0131 /* Project object */;
			proxyType = 1;
			remoteGlobalIDString = 2CBB46B81A637163003C0131;
			remoteInfo = tips;
		};
/* End PBXContainerItemProxy section */

/* Begin PBXFileReference section */
		2C7AC71E1B89FAC50049FDF7 /* Launch Screen.xib */ = {isa = PBXFileReference; fileEncoding = 4; lastKnownFileType = file.xib; name = "Launch Screen.xib"; path = "../Launch Screen.xib"; sourceTree = "<group>"; };
		2C7AC7201B8B002E0049FDF7 /* Plus Tip.app */ = {isa = PBXFileReference; explicitFileType = wrapper.application; includeInIndex = 0; path = "Plus Tip.app"; sourceTree = BUILT_PRODUCTS_DIR; };
		2C7AC7211B8B002E0049FDF7 /* Plus TipTests.xctest */ = {isa = PBXFileReference; explicitFileType = wrapper.cfbundle; includeInIndex = 0; path = "Plus TipTests.xctest"; sourceTree = BUILT_PRODUCTS_DIR; };
		2CBB46BD1A637163003C0131 /* Info.plist */ = {isa = PBXFileReference; lastKnownFileType = text.plist.xml; path = Info.plist; sourceTree = "<group>"; };
		2CBB46BE1A637163003C0131 /* AppDelegate.swift */ = {isa = PBXFileReference; lastKnownFileType = sourcecode.swift; path = AppDelegate.swift; sourceTree = "<group>"; };
		2CBB46C01A637163003C0131 /* ViewController.swift */ = {isa = PBXFileReference; lastKnownFileType = sourcecode.swift; path = ViewController.swift; sourceTree = "<group>"; };
		2CBB46C31A637163003C0131 /* Base */ = {isa = PBXFileReference; lastKnownFileType = file.storyboard; name = Base; path = Base.lproj/Main.storyboard; sourceTree = "<group>"; };
		2CBB46C51A637163003C0131 /* Images.xcassets */ = {isa = PBXFileReference; lastKnownFileType = folder.assetcatalog; path = Images.xcassets; sourceTree = "<group>"; };
		2CBB46D31A637164003C0131 /* Info.plist */ = {isa = PBXFileReference; lastKnownFileType = text.plist.xml; path = Info.plist; sourceTree = "<group>"; };
		2CBB46D41A637164003C0131 /* tipsTests.swift */ = {isa = PBXFileReference; lastKnownFileType = sourcecode.swift; path = tipsTests.swift; sourceTree = "<group>"; };
/* End PBXFileReference section */

/* Begin PBXFrameworksBuildPhase section */
		2CBB46B61A637163003C0131 /* Frameworks */ = {
			isa = PBXFrameworksBuildPhase;
			buildActionMask = 2147483647;
			files = (
			);
			runOnlyForDeploymentPostprocessing = 0;
		};
		2CBB46CB1A637164003C0131 /* Frameworks */ = {
			isa = PBXFrameworksBuildPhase;
			buildActionMask = 2147483647;
			files = (
			);
			runOnlyForDeploymentPostprocessing = 0;
		};
/* End PBXFrameworksBuildPhase section */

/* Begin PBXGroup section */
		2CBB46B01A637163003C0131 = {
			isa = PBXGroup;
			children = (
				2CBB46BB1A637163003C0131 /* tips */,
				2CBB46D11A637164003C0131 /* + tipsTests */,
				2C7AC7201B8B002E0049FDF7 /* Plus Tip.app */,
				2C7AC7211B8B002E0049FDF7 /* Plus TipTests.xctest */,
			);
			sourceTree = "<group>";
		};
		2CBB46BB1A637163003C0131 /* tips */ = {
			isa = PBXGroup;
			children = (
				2CBB46BE1A637163003C0131 /* AppDelegate.swift */,
				2CBB46C01A637163003C0131 /* ViewController.swift */,
				2C7AC71E1B89FAC50049FDF7 /* Launch Screen.xib */,
				2CBB46C21A637163003C0131 /* Main.storyboard */,
				2CBB46C51A637163003C0131 /* Images.xcassets */,
				2CBB46BC1A637163003C0131 /* Supporting Files */,
			);
			path = tips;
			sourceTree = "<group>";
		};
		2CBB46BC1A637163003C0131 /* Supporting Files */ = {
			isa = PBXGroup;
			children = (
				2CBB46BD1A637163003C0131 /* Info.plist */,
			);
			name = "Supporting Files";
			sourceTree = "<group>";
		};
		2CBB46D11A637164003C0131 /* + tipsTests */ = {
			isa = PBXGroup;
			children = (
				2CBB46D41A637164003C0131 /* tipsTests.swift */,
				2CBB46D21A637164003C0131 /* Supporting Files */,
			);
			name = "+ tipsTests";
			path = tipsTests;
			sourceTree = "<group>";
		};
		2CBB46D21A637164003C0131 /* Supporting Files */ = {
			isa = PBXGroup;
			children = (
				2CBB46D31A637164003C0131 /* Info.plist */,
			);
			name = "Supporting Files";
			sourceTree = "<group>";
		};
/* End PBXGroup section */

/* Begin PBXNativeTarget section */
		2CBB46B81A637163003C0131 /* Plus Tip */ = {
			isa = PBXNativeTarget;
			buildConfigurationList = 2CBB46D81A637164003C0131 /* Build configuration list for PBXNativeTarget "Plus Tip" */;
			buildPhases = (
				2CBB46B51A637163003C0131 /* Sources */,
				2CBB46B61A637163003C0131 /* Frameworks */,
				2CBB46B71A637163003C0131 /* Resources */,
			);
			buildRules = (
			);
			dependencies = (
			);
			name = "Plus Tip";
			productName = tips;
			productReference = 2C7AC7201B8B002E0049FDF7 /* Plus Tip.app */;
			productType = "com.apple.product-type.application";
		};
		2CBB46CD1A637164003C0131 /* Plus TipTests */ = {
			isa = PBXNativeTarget;
			buildConfigurationList = 2CBB46DB1A637164003C0131 /* Build configuration list for PBXNativeTarget "Plus TipTests" */;
			buildPhases = (
				2CBB46CA1A637164003C0131 /* Sources */,
				2CBB46CB1A637164003C0131 /* Frameworks */,
				2CBB46CC1A637164003C0131 /* Resources */,
			);
			buildRules = (
			);
			dependencies = (
				2CBB46D01A637164003C0131 /* PBXTargetDependency */,
			);
			name = "Plus TipTests";
			productName = tipsTests;
			productReference = 2C7AC7211B8B002E0049FDF7 /* Plus TipTests.xctest */;
			productType = "com.apple.product-type.bundle.unit-test";
		};
/* End PBXNativeTarget section */

/* Begin PBXProject section */
		2CBB46B11A637163003C0131 /* Project object */ = {
			isa = PBXProject;
			attributes = {
				LastUpgradeCheck = 0640;
				ORGANIZATIONNAME = "James Taylor";
				TargetAttributes = {
					2CBB46B81A637163003C0131 = {
						CreatedOnToolsVersion = 6.1.1;
					};
					2CBB46CD1A637164003C0131 = {
						CreatedOnToolsVersion = 6.1.1;
						TestTargetID = 2CBB46B81A637163003C0131;
					};
				};
			};
			buildConfigurationList = 2CBB46B41A637163003C0131 /* Build configuration list for PBXProject "Plus Tip" */;
			compatibilityVersion = "Xcode 3.2";
			developmentRegion = English;
			hasScannedForEncodings = 0;
			knownRegions = (
				en,
				Base,
			);
			mainGroup = 2CBB46B01A637163003C0131;
			productRefGroup = 2CBB46B01A637163003C0131;
			projectDirPath = "";
			projectRoot = "";
			targets = (
				2CBB46B81A637163003C0131 /* Plus Tip */,
				2CBB46CD1A637164003C0131 /* Plus TipTests */,
			);
		};
/* End PBXProject section */

/* Begin PBXResourcesBuildPhase section */
		2CBB46B71A637163003C0131 /* Resources */ = {
			isa = PBXResourcesBuildPhase;
			buildActionMask = 2147483647;
			files = (
				2CBB46C41A637163003C0131 /* Main.storyboard in Resources */,
				2CBB46C61A637163003C0131 /* Images.xcassets in Resources */,
				2C7AC71F1B89FAC50049FDF7 /* Launch Screen.xib in Resources */,
			);
			runOnlyForDeploymentPostprocessing = 0;
		};
		2CBB46CC1A637164003C0131 /* Resources */ = {
			isa = PBXResourcesBuildPhase;
			buildActionMask = 2147483647;
			files = (
			);
			runOnlyForDeploymentPostprocessing = 0;
		};
/* End PBXResourcesBuildPhase section */

/* Begin PBXSourcesBuildPhase section */
		2CBB46B51A637163003C0131 /* Sources */ = {
			isa = PBXSourcesBuildPhase;
			buildActionMask = 2147483647;
			files = (
				2CBB46C11A637163003C0131 /* ViewController.swift in Sources */,
				2CBB46BF1A637163003C0131 /* AppDelegate.swift in Sources */,
			);
			runOnlyForDeploymentPostprocessing = 0;
		};
		2CBB46CA1A637164003C0131 /* Sources */ = {
			isa = PBXSourcesBuildPhase;
			buildActionMask = 2147483647;
			files = (
				2CBB46D51A637164003C0131 /* tipsTests.swift in Sources */,
			);
			runOnlyForDeploymentPostprocessing = 0;
		};
/* End PBXSourcesBuildPhase section */

/* Begin PBXTargetDependency section */
		2CBB46D01A637164003C0131 /* PBXTargetDependency */ = {
			isa = PBXTargetDependency;
			target = 2CBB46B81A637163003C0131 /* Plus Tip */;
			targetProxy = 2CBB46CF1A637164003C0131 /* PBXContainerItemProxy */;
		};
/* End PBXTargetDependency section */

/* Begin PBXVariantGroup section */
		2CBB46C21A637163003C0131 /* Main.storyboard */ = {
			isa = PBXVariantGroup;
			children = (
				2CBB46C31A637163003C0131 /* Base */,
			);
			name = Main.storyboard;
			sourceTree = "<group>";
		};
/* End PBXVariantGroup section */

/* Begin XCBuildConfiguration section */
		2CBB46D61A637164003C0131 /* Debug */ = {
			isa = XCBuildConfiguration;
			buildSettings = {
				ALWAYS_SEARCH_USER_PATHS = NO;
				CLANG_CXX_LANGUAGE_STANDARD = "gnu++0x";
				CLANG_CXX_LIBRARY = "libc++";
				CLANG_ENABLE_MODULES = YES;
				CLANG_ENABLE_OBJC_ARC = YES;
				CLANG_WARN_BOOL_CONVERSION = YES;
				CLANG_WARN_CONSTANT_CONVERSION = YES;
				CLANG_WARN_DIRECT_OBJC_ISA_USAGE = YES_ERROR;
				CLANG_WARN_EMPTY_BODY = YES;
				CLANG_WARN_ENUM_CONVERSION = YES;
				CLANG_WARN_INT_CONVERSION = YES;
				CLANG_WARN_OBJC_ROOT_CLASS = YES_ERROR;
				CLANG_WARN_UNREACHABLE_CODE = YES;
				CLANG_WARN__DUPLICATE_METHOD_MATCH = YES;
				"CODE_SIGN_IDENTITY[sdk=iphoneos*]" = "iPhone Developer";
				COPY_PHASE_STRIP = NO;
				ENABLE_STRICT_OBJC_MSGSEND = YES;
				GCC_C_LANGUAGE_STANDARD = gnu99;
				GCC_DYNAMIC_NO_PIC = NO;
				GCC_OPTIMIZATION_LEVEL = 0;
				GCC_PREPROCESSOR_DEFINITIONS = (
					"DEBUG=1",
					"$(inherited)",
				);
				GCC_SYMBOLS_PRIVATE_EXTERN = NO;
				GCC_WARN_64_TO_32_BIT_CONVERSION = YES;
				GCC_WARN_ABOUT_RETURN_TYPE = YES_ERROR;
				GCC_WARN_UNDECLARED_SELECTOR = YES;
				GCC_WARN_UNINITIALIZED_AUTOS = YES_AGGRESSIVE;
				GCC_WARN_UNUSED_FUNCTION = YES;
				GCC_WARN_UNUSED_VARIABLE = YES;
				IPHONEOS_DEPLOYMENT_TARGET = 8.1;
				MTL_ENABLE_DEBUG_INFO = YES;
				ONLY_ACTIVE_ARCH = YES;
				SDKROOT = iphoneos;
				SWIFT_OPTIMIZATION_LEVEL = "-Onone";
			};
			name = Debug;
		};
		2CBB46D71A637164003C0131 /* Release */ = {
			isa = XCBuildConfiguration;
			buildSettings = {
				ALWAYS_SEARCH_USER_PATHS = NO;
				CLANG_CXX_LANGUAGE_STANDARD = "gnu++0x";
				CLANG_CXX_LIBRARY = "libc++";
				CLANG_ENABLE_MODULES = YES;
				CLANG_ENABLE_OBJC_ARC = YES;
				CLANG_WARN_BOOL_CONVERSION = YES;
				CLANG_WARN_CONSTANT_CONVERSION = YES;
				CLANG_WARN_DIRECT_OBJC_ISA_USAGE = YES_ERROR;
				CLANG_WARN_EMPTY_BODY = YES;
				CLANG_WARN_ENUM_CONVERSION = YES;
				CLANG_WARN_INT_CONVERSION = YES;
				CLANG_WARN_OBJC_ROOT_CLASS = YES_ERROR;
				CLANG_WARN_UNREACHABLE_CODE = YES;
				CLANG_WARN__DUPLICATE_METHOD_MATCH = YES;
				"CODE_SIGN_IDENTITY[sdk=iphoneos*]" = "iPhone Developer";
				COPY_PHASE_STRIP = YES;
				ENABLE_NS_ASSERTIONS = NO;
				ENABLE_STRICT_OBJC_MSGSEND = YES;
				GCC_C_LANGUAGE_STANDARD = gnu99;
				GCC_WARN_64_TO_32_BIT_CONVERSION = YES;
				GCC_WARN_ABOUT_RETURN_TYPE = YES_ERROR;
				GCC_WARN_UNDECLARED_SELECTOR = YES;
				GCC_WARN_UNINITIALIZED_AUTOS = YES_AGGRESSIVE;
				GCC_WARN_UNUSED_FUNCTION = YES;
				GCC_WARN_UNUSED_VARIABLE = YES;
				IPHONEOS_DEPLOYMENT_TARGET = 8.1;
				MTL_ENABLE_DEBUG_INFO = NO;
				SDKROOT = iphoneos;
				VALIDATE_PRODUCT = YES;
			};
			name = Release;
		};
		2CBB46D91A637164003C0131 /* Debug */ = {
			isa = XCBuildConfiguration;
			buildSettings = {
				ASSETCATALOG_COMPILER_APPICON_NAME = AppIcon;
				INFOPLIST_FILE = tips/Info.plist;
				LD_RUNPATH_SEARCH_PATHS = "$(inherited) @executable_path/Frameworks";
				PRODUCT_NAME = "Plus Tip";
			};
			name = Debug;
		};
		2CBB46DA1A637164003C0131 /* Release */ = {
			isa = XCBuildConfiguration;
			buildSettings = {
				ASSETCATALOG_COMPILER_APPICON_NAME = AppIcon;
				INFOPLIST_FILE = tips/Info.plist;
				LD_RUNPATH_SEARCH_PATHS = "$(inherited) @executable_path/Frameworks";
				PRODUCT_NAME = "Plus Tip";
			};
			name = Release;
		};
		2CBB46DC1A637164003C0131 /* Debug */ = {
			isa = XCBuildConfiguration;
			buildSettings = {
				BUNDLE_LOADER = "$(TEST_HOST)";
				FRAMEWORK_SEARCH_PATHS = (
					"$(SDKROOT)/Developer/Library/Frameworks",
					"$(inherited)",
				);
				GCC_PREPROCESSOR_DEFINITIONS = (
					"DEBUG=1",
					"$(inherited)",
				);
				INFOPLIST_FILE = tipsTests/Info.plist;
				LD_RUNPATH_SEARCH_PATHS = "$(inherited) @executable_path/Frameworks @loader_path/Frameworks";
				PRODUCT_NAME = "Plus TipTests";
				TEST_HOST = "$(BUILT_PRODUCTS_DIR)/tips.app/tips";
			};
			name = Debug;
		};
		2CBB46DD1A637164003C0131 /* Release */ = {
			isa = XCBuildConfiguration;
			buildSettings = {
				BUNDLE_LOADER = "$(TEST_HOST)";
				FRAMEWORK_SEARCH_PATHS = (
					"$(SDKROOT)/Developer/Library/Frameworks",
					"$(inherited)",
				);
				INFOPLIST_FILE = tipsTests/Info.plist;
				LD_RUNPATH_SEARCH_PATHS = "$(inherited) @executable_path/Frameworks @loader_path/Frameworks";
				PRODUCT_NAME = "Plus TipTests";
				TEST_HOST = "$(BUILT_PRODUCTS_DIR)/tips.app/tips";
			};
			name = Release;
		};
/* End XCBuildConfiguration section */

/* Begin XCConfigurationList section */
		2CBB46B41A637163003C0131 /* Build configuration list for PBXProject "Plus Tip" */ = {
			isa = XCConfigurationList;
			buildConfigurations = (
				2CBB46D61A637164003C0131 /* Debug */,
				2CBB46D71A637164003C0131 /* Release */,
			);
			defaultConfigurationIsVisible = 0;
			defaultConfigurationName = Release;
		};
		2CBB46D81A637164003C0131 /* Build configuration list for PBXNativeTarget "Plus Tip" */ = {
			isa = XCConfigurationList;
			buildConfigurations = (
				2CBB46D91A637164003C0131 /* Debug */,
				2CBB46DA1A637164003C0131 /* Release */,
			);
			defaultConfigurationIsVisible = 0;
			defaultConfigurationName = Release;
		};
		2CBB46DB1A637164003C0131 /* Build configuration list for PBXNativeTarget "Plus TipTests" */ = {
			isa = XCConfigurationList;
			buildConfigurations = (
				2CBB46DC1A637164003C0131 /* Debug */,
				2CBB46DD1A637164003C0131 /* Release */,
			);
			defaultConfigurationIsVisible = 0;
			defaultConfigurationName = Release;
		};
/* End XCConfigurationList section */
	};
	rootObject = 2CBB46B11A637163003C0131 /* Project object */;
}
